
Microsoft Visual Studio Solution File, Format Version 12.00
# Visual Studio Version 17
VisualStudioVersion = 17.4.33213.308
MinimumVisualStudioVersion = 10.0.40219.1
Project("{FAE04EC0-301F-11D3-BF4B-00C04F79EFBC}") = "DEMO.Android", "DEMO.Android\DEMO.Android.csproj", "{DA2F5420-B705-4F03-9304-011C149DAFAF}"
EndProject
Project("{FAE04EC0-301F-11D3-BF4B-00C04F79EFBC}") = "DEMO", "DEMO\DEMO.csproj", "{F66ACAEB-EAF6-4E36-B8AD-85CB433B79AE}"
EndProject
Global
	GlobalSection(SolutionConfigurationPlatforms) = preSolution
		Debug|Any CPU = Debug|Any CPU
		Release|Any CPU = Release|Any CPU
	EndGlobalSection
	GlobalSection(ProjectConfigurationPlatforms) = postSolution
		{DA2F5420-B705-4F03-9304-011C149DAFAF}.Debug|Any CPU.ActiveCfg = Debug|Any CPU
		{DA2F5420-B705-4F03-9304-011C149DAFAF}.Debug|Any CPU.Build.0 = Debug|Any CPU
		{DA2F5420-B705-4F03-9304-011C149DAFAF}.Debug|Any CPU.Deploy.0 = Debug|Any CPU
		{DA2F5420-B705-4F03-9304-011C149DAFAF}.Release|Any CPU.ActiveCfg = Release|Any CPU
		{DA2F5420-B705-4F03-9304-011C149DAFAF}.Release|Any CPU.Build.0 = Release|Any CPU
		{DA2F5420-B705-4F03-9304-011C149DAFAF}.Release|Any CPU.Deploy.0 = Release|Any CPU
		{F66ACAEB-EAF6-4E36-B8AD-85CB433B79AE}.Debug|Any CPU.ActiveCfg = Debug|Any CPU
		{F66ACAEB-EAF6-4E36-B8AD-85CB433B79AE}.Debug|Any CPU.Build.0 = Debug|Any CPU
		{F66ACAEB-EAF6-4E36-B8AD-85CB433B79AE}.Debug|Any CPU.Deploy.0 = Debug|Any CPU
		{F66ACAEB-EAF6-4E36-B8AD-85CB433B79AE}.Release|Any CPU.ActiveCfg = Release|Any CPU
		{F66ACAEB-EAF6-4E36-B8AD-85CB433B79AE}.Release|Any CPU.Build.0 = Release|Any CPU
		{F66ACAEB-EAF6-4E36-B8AD-85CB433B79AE}.Release|Any CPU.Deploy.0 = Release|Any CPU
	EndGlobalSection
	GlobalSection(SolutionProperties) = preSolution
		HideSolutionNode = FALSE
	EndGlobalSection
	GlobalSection(ExtensibilityGlobals) = postSolution
		SolutionGuid = {CC90EE58-7E59-4B20-A31D-A1BF10CDD7F9}
	EndGlobalSection
EndGlobal
